
Microsoft Visual Studio Solution File, Format Version 12.00
# Visual Studio Version 17
VisualStudioVersion = 17.0.31903.59
MinimumVisualStudioVersion = 10.0.40219.1
Project("{FAE04EC0-301F-11D3-BF4B-00C04F79EFBC}") = "BatchIQ.Domain", "BatchIQ.Domain\BatchIQ.Domain.csproj", "{284E1C2A-ED0C-4390-BDFC-757744866328}"
EndProject
Project("{FAE04EC0-301F-11D3-BF4B-00C04F79EFBC}") = "BatchIQ.Persistence", "BatchIQ.Persistence\BatchIQ.Persistence.csproj", "{13E9173B-1B31-4F97-B799-F283C240F696}"
EndProject
Project("{FAE04EC0-301F-11D3-BF4B-00C04F79EFBC}") = "BatchIQ.API", "BatchIQ.API\BatchIQ.API.csproj", "{AF1AB28A-A704-484C-8742-1978730D3F70}"
EndProject
Global
	GlobalSection(SolutionConfigurationPlatforms) = preSolution
		Debug|Any CPU = Debug|Any CPU
		Release|Any CPU = Release|Any CPU
	EndGlobalSection
	GlobalSection(SolutionProperties) = preSolution
		HideSolutionNode = FALSE
	EndGlobalSection
	GlobalSection(ProjectConfigurationPlatforms) = postSolution
		{284E1C2A-ED0C-4390-BDFC-757744866328}.Debug|Any CPU.ActiveCfg = Debug|Any CPU
		{284E1C2A-ED0C-4390-BDFC-757744866328}.Debug|Any CPU.Build.0 = Debug|Any CPU
		{284E1C2A-ED0C-4390-BDFC-757744866328}.Release|Any CPU.ActiveCfg = Release|Any CPU
		{284E1C2A-ED0C-4390-BDFC-757744866328}.Release|Any CPU.Build.0 = Release|Any CPU
		{13E9173B-1B31-4F97-B799-F283C240F696}.Debug|Any CPU.ActiveCfg = Debug|Any CPU
		{13E9173B-1B31-4F97-B799-F283C240F696}.Debug|Any CPU.Build.0 = Debug|Any CPU
		{13E9173B-1B31-4F97-B799-F283C240F696}.Release|Any CPU.ActiveCfg = Release|Any CPU
		{13E9173B-1B31-4F97-B799-F283C240F696}.Release|Any CPU.Build.0 = Release|Any CPU
		{AF1AB28A-A704-484C-8742-1978730D3F70}.Debug|Any CPU.ActiveCfg = Debug|Any CPU
		{AF1AB28A-A704-484C-8742-1978730D3F70}.Debug|Any CPU.Build.0 = Debug|Any CPU
		{AF1AB28A-A704-484C-8742-1978730D3F70}.Release|Any CPU.ActiveCfg = Release|Any CPU
		{AF1AB28A-A704-484C-8742-1978730D3F70}.Release|Any CPU.Build.0 = Release|Any CPU
	EndGlobalSection
EndGlobal
